// !$*UTF8*$!
{
	archiveVersion = 1;
	classes = {
	};
	objectVersion = 46;
	objects = {

/* Begin PBXBuildFile section */
		8F3755D71D201A8200F1B586 /* AppDelegate.swift in Sources */ = {isa = PBXBuildFile; fileRef = 8F3755D61D201A8200F1B586 /* AppDelegate.swift */; };
		8F3755D91D201A8200F1B586 /* ViewController.swift in Sources */ = {isa = PBXBuildFile; fileRef = 8F3755D81D201A8200F1B586 /* ViewController.swift */; };
		8F3755DC1D201A8200F1B586 /* Main.storyboard in Resources */ = {isa = PBXBuildFile; fileRef = 8F3755DA1D201A8200F1B586 /* Main.storyboard */; };
		8F3755DE1D201A8200F1B586 /* Assets.xcassets in Resources */ = {isa = PBXBuildFile; fileRef = 8F3755DD1D201A8200F1B586 /* Assets.xcassets */; };
		8F3755E11D201A8200F1B586 /* LaunchScreen.storyboard in Resources */ = {isa = PBXBuildFile; fileRef = 8F3755DF1D201A8200F1B586 /* LaunchScreen.storyboard */; };
/* End PBXBuildFile section */

/* Begin PBXFileReference section */
		8F3755D31D201A8200F1B586 /* oldSchoolMac-textboxWhileFor.app */ = {isa = PBXFileReference; explicitFileType = wrapper.application; includeInIndex = 0; path = "oldSchoolMac-textboxWhileFor.app"; sourceTree = BUILT_PRODUCTS_DIR; };
		8F3755D61D201A8200F1B586 /* AppDelegate.swift */ = {isa = PBXFileReference; lastKnownFileType = sourcecode.swift; path = AppDelegate.swift; sourceTree = "<group>"; };
		8F3755D81D201A8200F1B586 /* ViewController.swift */ = {isa = PBXFileReference; lastKnownFileType = sourcecode.swift; path = ViewController.swift; sourceTree = "<group>"; };
		8F3755DB1D201A8200F1B586 /* Base */ = {isa = PBXFileReference; lastKnownFileType = file.storyboard; name = Base; path = Base.lproj/Main.storyboard; sourceTree = "<group>"; };
		8F3755DD1D201A8200F1B586 /* Assets.xcassets */ = {isa = PBXFileReference; lastKnownFileType = folder.assetcatalog; path = Assets.xcassets; sourceTree = "<group>"; };
		8F3755E01D201A8200F1B586 /* Base */ = {isa = PBXFileReference; lastKnownFileType = file.storyboard; name = Base; path = Base.lproj/LaunchScreen.storyboard; sourceTree = "<group>"; };
		8F3755E21D201A8200F1B586 /* Info.plist */ = {isa = PBXFileReference; lastKnownFileType = text.plist.xml; path = Info.plist; sourceTree = "<group>"; };
/* End PBXFileReference section */

/* Begin PBXFrameworksBuildPhase section */
		8F3755D01D201A8200F1B586 /* Frameworks */ = {
			isa = PBXFrameworksBuildPhase;
			buildActionMask = 2147483647;
			files = (
			);
			runOnlyForDeploymentPostprocessing = 0;
		};
/* End PBXFrameworksBuildPhase section */

/* Begin PBXGroup section */
		8F3755CA1D201A8200F1B586 = {
			isa = PBXGroup;
			children = (
				8F3755D51D201A8200F1B586 /* oldSchoolMac-textboxWhileFor */,
				8F3755D41D201A8200F1B586 /* Products */,
			);
			sourceTree = "<group>";
		};
		8F3755D41D201A8200F1B586 /* Products */ = {
			isa = PBXGroup;
			children = (
				8F3755D31D201A8200F1B586 /* oldSchoolMac-textboxWhileFor.app */,
			);
			name = Products;
			sourceTree = "<group>";
		};
		8F3755D51D201A8200F1B586 /* oldSchoolMac-textboxWhileFor */ = {
			isa = PBXGroup;
			children = (
				8F3755D61D201A8200F1B586 /* AppDelegate.swift */,
				8F3755D81D201A8200F1B586 /* ViewController.swift */,
				8F3755DA1D201A8200F1B586 /* Main.storyboard */,
				8F3755DD1D201A8200F1B586 /* Assets.xcassets */,
				8F3755DF1D201A8200F1B586 /* LaunchScreen.storyboard */,
				8F3755E21D201A8200F1B586 /* Info.plist */,
			);
			path = "oldSchoolMac-textboxWhileFor";
			sourceTree = "<group>";
		};
/* End PBXGroup section */

/* Begin PBXNativeTarget section */
		8F3755D21D201A8200F1B586 /* oldSchoolMac-textboxWhileFor */ = {
			isa = PBXNativeTarget;
			buildConfigurationList = 8F3755E51D201A8200F1B586 /* Build configuration list for PBXNativeTarget "oldSchoolMac-textboxWhileFor" */;
			buildPhases = (
				8F3755CF1D201A8200F1B586 /* Sources */,
				8F3755D01D201A8200F1B586 /* Frameworks */,
				8F3755D11D201A8200F1B586 /* Resources */,
			);
			buildRules = (
			);
			dependencies = (
			);
			name = "oldSchoolMac-textboxWhileFor";
			productName = "oldSchoolMac-textboxWhileFor";
			productReference = 8F3755D31D201A8200F1B586 /* oldSchoolMac-textboxWhileFor.app */;
			productType = "com.apple.product-type.application";
		};
/* End PBXNativeTarget section */

/* Begin PBXProject section */
		8F3755CB1D201A8200F1B586 /* Project object */ = {
			isa = PBXProject;
			attributes = {
				LastSwiftUpdateCheck = 0730;
				LastUpgradeCheck = 0730;
				ORGANIZATIONNAME = "Dino Musliu";
				TargetAttributes = {
					8F3755D21D201A8200F1B586 = {
						CreatedOnToolsVersion = 7.3.1;
					};
				};
			};
			buildConfigurationList = 8F3755CE1D201A8200F1B586 /* Build configuration list for PBXProject "oldSchoolMac-textboxWhileFor" */;
			compatibilityVersion = "Xcode 3.2";
			developmentRegion = English;
			hasScannedForEncodings = 0;
			knownRegions = (
				en,
				Base,
			);
			mainGroup = 8F3755CA1D201A8200F1B586;
			productRefGroup = 8F3755D41D201A8200F1B586 /* Products */;
			projectDirPath = "";
			projectRoot = "";
			targets = (
				8F3755D21D201A8200F1B586 /* oldSchoolMac-textboxWhileFor */,
			);
		};
/* End PBXProject section */

/* Begin PBXResourcesBuildPhase section */
		8F3755D11D201A8200F1B586 /* Resources */ = {
			isa = PBXResourcesBuildPhase;
			buildActionMask = 2147483647;
			files = (
				8F3755E11D201A8200F1B586 /* LaunchScreen.storyboard in Resources */,
				8F3755DE1D201A8200F1B586 /* Assets.xcassets in Resources */,
				8F3755DC1D201A8200F1B586 /* Main.storyboard in Resources */,
			);
			runOnlyForDeploymentPostprocessing = 0;
		};
/* End PBXResourcesBuildPhase section */

/* Begin PBXSourcesBuildPhase section */
		8F3755CF1D201A8200F1B586 /* Sources */ = {
			isa = PBXSourcesBuildPhase;
			buildActionMask = 2147483647;
			files = (
				8F3755D91D201A8200F1B586 /* ViewController.swift in Sources */,
				8F3755D71D201A8200F1B586 /* AppDelegate.swift in Sources */,
			);
			runOnlyForDeploymentPostprocessing = 0;
		};
/* End PBXSourcesBuildPhase section */

/* Begin PBXVariantGroup section */
		8F3755DA1D201A8200F1B586 /* Main.storyboard */ = {
			isa = PBXVariantGroup;
			children = (
				8F3755DB1D201A8200F1B586 /* Base */,
			);
			name = Main.storyboard;
			sourceTree = "<group>";
		};
		8F3755DF1D201A8200F1B586 /* LaunchScreen.storyboard */ = {
			isa = PBXVariantGroup;
			children = (
				8F3755E01D201A8200F1B586 /* Base */,
			);
			name = LaunchScreen.storyboard;
			sourceTree = "<group>";
		};
/* End PBXVariantGroup section */

/* Begin XCBuildConfiguration section */
		8F3755E31D201A8200F1B586 /* Debug */ = {
			isa = XCBuildConfiguration;
			buildSettings = {
				ALWAYS_SEARCH_USER_PATHS = NO;
				CLANG_ANALYZER_NONNULL = YES;
				CLANG_CXX_LANGUAGE_STANDARD = "gnu++0x";
				CLANG_CXX_LIBRARY = "libc++";
				CLANG_ENABLE_MODULES = YES;
				CLANG_ENABLE_OBJC_ARC = YES;
				CLANG_WARN_BOOL_CONVERSION = YES;
				CLANG_WARN_CONSTANT_CONVERSION = YES;
				CLANG_WARN_DIRECT_OBJC_ISA_USAGE = YES_ERROR;
				CLANG_WARN_EMPTY_BODY = YES;
				CLANG_WARN_ENUM_CONVERSION = YES;
				CLANG_WARN_INT_CONVERSION = YES;
				CLANG_WARN_OBJC_ROOT_CLASS = YES_ERROR;
				CLANG_WARN_UNREACHABLE_CODE = YES;
				CLANG_WARN__DUPLICATE_METHOD_MATCH = YES;
				"CODE_SIGN_IDENTITY[sdk=iphoneos*]" = "iPhone Developer";
				COPY_PHASE_STRIP = NO;
				DEBUG_INFORMATION_FORMAT = dwarf;
				ENABLE_STRICT_OBJC_MSGSEND = YES;
				ENABLE_TESTABILITY = YES;
				GCC_C_LANGUAGE_STANDARD = gnu99;
				GCC_DYNAMIC_NO_PIC = NO;
				GCC_NO_COMMON_BLOCKS = YES;
				GCC_OPTIMIZATION_LEVEL = 0;
				GCC_PREPROCESSOR_DEFINITIONS = (
					"DEBUG=1",
					"$(inherited)",
				);
				GCC_WARN_64_TO_32_BIT_CONVERSION = YES;
				GCC_WARN_ABOUT_RETURN_TYPE = YES_ERROR;
				GCC_WARN_UNDECLARED_SELECTOR = YES;
				GCC_WARN_UNINITIALIZED_AUTOS = YES_AGGRESSIVE;
				GCC_WARN_UNUSED_FUNCTION = YES;
				GCC_WARN_UNUSED_VARIABLE = YES;
				IPHONEOS_DEPLOYMENT_TARGET = 9.3;
				MTL_ENABLE_DEBUG_INFO = YES;
				ONLY_ACTIVE_ARCH = YES;
				SDKROOT = iphoneos;
				SWIFT_OPTIMIZATION_LEVEL = "-Onone";
			};
			name = Debug;
		};
		8F3755E41D201A8200F1B586 /* Release */ = {
			isa = XCBuildConfiguration;
			buildSettings = {
				ALWAYS_SEARCH_USER_PATHS = NO;
				CLANG_ANALYZER_NONNULL = YES;
				CLANG_CXX_LANGUAGE_STANDARD = "gnu++0x";
				CLANG_CXX_LIBRARY = "libc++";
				CLANG_ENABLE_MODULES = YES;
				CLANG_ENABLE_OBJC_ARC = YES;
				CLANG_WARN_BOOL_CONVERSION = YES;
				CLANG_WARN_CONSTANT_CONVERSION = YES;
				CLANG_WARN_DIRECT_OBJC_ISA_USAGE = YES_ERROR;
				CLANG_WARN_EMPTY_BODY = YES;
				CLANG_WARN_ENUM_CONVERSION = YES;
				CLANG_WARN_INT_CONVERSION = YES;
				CLANG_WARN_OBJC_ROOT_CLASS = YES_ERROR;
				CLANG_WARN_UNREACHABLE_CODE = YES;
				CLANG_WARN__DUPLICATE_METHOD_MATCH = YES;
				"CODE_SIGN_IDENTITY[sdk=iphoneos*]" = "iPhone Developer";
				COPY_PHASE_STRIP = NO;
				DEBUG_INFORMATION_FORMAT = "dwarf-with-dsym";
				ENABLE_NS_ASSERTIONS = NO;
				ENABLE_STRICT_OBJC_MSGSEND = YES;
				GCC_C_LANGUAGE_STANDARD = gnu99;
				GCC_NO_COMMON_BLOCKS = YES;
				GCC_WARN_64_TO_32_BIT_CONVERSION = YES;
				GCC_WARN_ABOUT_RETURN_TYPE = YES_ERROR;
				GCC_WARN_UNDECLARED_SELECTOR = YES;
				GCC_WARN_UNINITIALIZED_AUTOS = YES_AGGRESSIVE;
				GCC_WARN_UNUSED_FUNCTION = YES;
				GCC_WARN_UNUSED_VARIABLE = YES;
				IPHONEOS_DEPLOYMENT_TARGET = 9.3;
				MTL_ENABLE_DEBUG_INFO = NO;
				SDKROOT = iphoneos;
				VALIDATE_PRODUCT = YES;
			};
			name = Release;
		};
		8F3755E61D201A8200F1B586 /* Debug */ = {
			isa = XCBuildConfiguration;
			buildSettings = {
				ASSETCATALOG_COMPILER_APPICON_NAME = AppIcon;
				INFOPLIST_FILE = "oldSchoolMac-textboxWhileFor/Info.plist";
				LD_RUNPATH_SEARCH_PATHS = "$(inherited) @executable_path/Frameworks";
				PRODUCT_BUNDLE_IDENTIFIER = "com.mdino.oldSchoolMac-textboxWhileFor";
				PRODUCT_NAME = "$(TARGET_NAME)";
			};
			name = Debug;
		};
		8F3755E71D201A8200F1B586 /* Release */ = {
			isa = XCBuildConfiguration;
			buildSettings = {
				ASSETCATALOG_COMPILER_APPICON_NAME = AppIcon;
				INFOPLIST_FILE = "oldSchoolMac-textboxWhileFor/Info.plist";
				LD_RUNPATH_SEARCH_PATHS = "$(inherited) @executable_path/Frameworks";
				PRODUCT_BUNDLE_IDENTIFIER = "com.mdino.oldSchoolMac-textboxWhileFor";
				PRODUCT_NAME = "$(TARGET_NAME)";
			};
			name = Release;
		};
/* End XCBuildConfiguration section */

/* Begin XCConfigurationList section */
		8F3755CE1D201A8200F1B586 /* Build configuration list for PBXProject "oldSchoolMac-textboxWhileFor" */ = {
			isa = XCConfigurationList;
			buildConfigurations = (
				8F3755E31D201A8200F1B586 /* Debug */,
				8F3755E41D201A8200F1B586 /* Release */,
			);
			defaultConfigurationIsVisible = 0;
			defaultConfigurationName = Release;
		};
		8F3755E51D201A8200F1B586 /* Build configuration list for PBXNativeTarget "oldSchoolMac-textboxWhileFor" */ = {
			isa = XCConfigurationList;
			buildConfigurations = (
				8F3755E61D201A8200F1B586 /* Debug */,
				8F3755E71D201A8200F1B586 /* Release */,
			);
			defaultConfigurationIsVisible = 0;
		};
/* End XCConfigurationList section */
	};
	rootObject = 8F3755CB1D201A8200F1B586 /* Project object */;
}
